<?xml version="1.0" encoding="utf-8"?>
<Project ToolsVersion="4.0" xmlns="http://schemas.microsoft.com/developer/msbuild/2003">
  <ItemGroup>
    <Filter Include="Source Files">
      <UniqueIdentifier>{4FC737F1-C7A5-4376-A066-2A32D752A2FF}</UniqueIdentifier>
      <Extensions>cpp;c;cc;cxx;c++;cppm;ixx;def;odl;idl;hpj;bat;asm;asmx</Extensions>
    </Filter>
    <Filter Include="Header Files">
      <UniqueIdentifier>{93995380-89BD-4b04-88EB-625FBE52EBFB}</UniqueIdentifier>
      <Extensions>h;hh;hpp;hxx;h++;hm;inl;inc;ipp;xsd</Extensions>
    </Filter>
    <Filter Include="Resource Files">
      <UniqueIdentifier>{67DA6AB6-F800-4c08-8B7A-83BB121AAD01}</UniqueIdentifier>
      <Extensions>rc;ico;cur;bmp;dlg;rc2;rct;bin;rgs;gif;jpg;jpeg;jpe;resx;tiff;tif;png;wav;mfcribbon-ms</Extensions>
    </Filter>
  </ItemGroup>
  <ItemGroup>
    <ClInclude Include="h264_decoder_mf.h">
      <Filter>Header Files</Filter>
    </ClInclude>
    <ClInclude Include="h264_decoder_mf_impl.h">
      <Filter>Header Files</Filter>
    </ClInclude>
    <ClInclude Include="i420_buffer_pool.h">
      <Filter>Header Files</Filter>
    </ClInclude>
    <ClInclude Include="i420_buffer.h">
      <Filter>Header Files</Filter>
    </ClInclude>
    <ClInclude Include="video_frame_buffer.h">
      <Filter>Header Files</Filter>
    </ClInclude>
    <ClInclude Include="scoped_refptr.h">
      <Filter>Header Files</Filter>
    </ClInclude>
    <ClInclude Include="video_frame_type.h">
      <Filter>Header Files</Filter>
    </ClInclude>
    <ClInclude Include="video_rotation.h">
      <Filter>Header Files</Filter>
    </ClInclude>
    <ClInclude Include="video_content_type.h">
      <Filter>Header Files</Filter>
    </ClInclude>
    <ClInclude Include="common_types.h">
      <Filter>Header Files</Filter>
    </ClInclude>
    <ClInclude Include="video_timing.h">
      <Filter>Header Files</Filter>
    </ClInclude>
    <ClInclude Include="constructor_magic.h">
      <Filter>Header Files</Filter>
    </ClInclude>
    <ClInclude Include="ref_count.h">
      <Filter>Header Files</Filter>
    </ClInclude>
    <ClInclude Include="ref_counted_object.h">
      <Filter>Header Files</Filter>
    </ClInclude>
    <ClInclude Include="ref_counter.h">
      <Filter>Header Files</Filter>
    </ClInclude>
    <ClInclude Include="video_error_codes.h">
      <Filter>Header Files</Filter>
    </ClInclude>
    <ClInclude Include="encoded_image.h">
      <Filter>Header Files</Filter>
    </ClInclude>
    <ClInclude Include="aligned_malloc.h">
      <Filter>Header Files</Filter>
    </ClInclude>
  </ItemGroup>
  <ItemGroup>
    <ClCompile Include="h264_decoder_mf.cc">
      <Filter>Source Files</Filter>
    </ClCompile>
    <ClCompile Include="h264_decoder_mf_impl.cc">
      <Filter>Source Files</Filter>
    </ClCompile>
    <ClCompile Include="i420_buffer_pool.cc">
      <Filter>Source Files</Filter>
    </ClCompile>
    <ClCompile Include="i420_buffer.cc">
      <Filter>Source Files</Filter>
    </ClCompile>
    <ClCompile Include="video_frame_buffer.cc">
      <Filter>Source Files</Filter>
    </ClCompile>
    <ClCompile Include="encoded_image.cc">
      <Filter>Source Files</Filter>
    </ClCompile>
    <ClCompile Include="video_content_type.cc">
      <Filter>Source Files</Filter>
    </ClCompile>
    <ClCompile Include="aligned_malloc.cc">
      <Filter>Source Files</Filter>
    </ClCompile>
  </ItemGroup>
</Project>